<?xml version="1.0" encoding="utf-8"?>
<Project ToolsVersion="4.0" xmlns="http://schemas.microsoft.com/developer/msbuild/2003">
  <ItemGroup>
    <Filter Include="Tests">
      <UniqueIdentifier>{c05eaa11-e636-49db-a667-913348a15368}</UniqueIdentifier>
    </Filter>
    <Filter Include="Tests\Core">
      <UniqueIdentifier>{d32f130b-dc13-4f60-ac8d-7265991586dc}</UniqueIdentifier>
    </Filter>
    <Filter Include="Tests\UnitTestTools">
      <UniqueIdentifier>{0ab8b384-d6c9-40de-903c-349d2a6dc71d}</UniqueIdentifier>
    </Filter>
    <Filter Include="Tests\Helper">
      <UniqueIdentifier>{27395c3f-b373-4b75-8857-eb8f3e34248a}</UniqueIdentifier>
    </Filter>
    <Filter Include="Tests\Extension">
      <UniqueIdentifier>{b7eaf062-e74f-42aa-b770-c0f4cc809a3b}</UniqueIdentifier>
    </Filter>
    <Filter Include="Tests\Output">
      <UniqueIdentifier>{291900fa-f025-4da5-9aa4-088ee71a0022}</UniqueIdentifier>
    </Filter>
    <Filter Include="Tests\Tools">
      <UniqueIdentifier>{3b1f571a-b51a-4688-a2a5-d18b72f452e5}</UniqueIdentifier>
    </Filter>
    <Filter Include="TestSupport">
      <UniqueIdentifier>{51e63cc1-6838-4f01-a309-72522b912039}</UniqueIdentifier>
    </Filter>
    <Filter Include="Suites">
      <UniqueIdentifier>{6b245e14-325c-404a-b453-67d289d30268}</UniqueIdentifier>
    </Filter>
  </ItemGroup>
  <ItemGroup>
    <ClCompile Include="assertion_traitsTest.cpp">
      <Filter>Tests\Core</Filter>
    </ClCompile>
    <ClCompile Include="ExceptionTest.cpp">
      <Filter>Tests\Core</Filter>
    </ClCompile>
    <ClCompile Include="MessageTest.cpp">
      <Filter>Tests\Core</Filter>
    </ClCompile>
    <ClCompile Include="TestAssertTest.cpp">
      <Filter>Tests\Core</Filter>
    </ClCompile>
    <ClCompile Include="TestCallerTest.cpp">
      <Filter>Tests\Core</Filter>
    </ClCompile>
    <ClCompile Include="TestCaseTest.cpp">
      <Filter>Tests\Core</Filter>
    </ClCompile>
    <ClCompile Include="TestFailureTest.cpp">
      <Filter>Tests\Core</Filter>
    </ClCompile>
    <ClCompile Include="TestPathTest.cpp">
      <Filter>Tests\Core</Filter>
    </ClCompile>
    <ClCompile Include="TestResultTest.cpp">
      <Filter>Tests\Core</Filter>
    </ClCompile>
    <ClCompile Include="TestSuiteTest.cpp">
      <Filter>Tests\Core</Filter>
    </ClCompile>
    <ClCompile Include="TestTest.cpp">
      <Filter>Tests\Core</Filter>
    </ClCompile>
    <ClCompile Include="XmlUniformiser.cpp">
      <Filter>Tests\UnitTestTools</Filter>
    </ClCompile>
    <ClCompile Include="XmlUniformiserTest.cpp">
      <Filter>Tests\UnitTestTools</Filter>
    </ClCompile>
    <ClCompile Include="HelperMacrosTest.cpp">
      <Filter>Tests\Helper</Filter>
    </ClCompile>
    <ClCompile Include="ExceptionTestCaseDecoratorTest.cpp">
      <Filter>Tests\Extension</Filter>
    </ClCompile>
    <ClCompile Include="OrthodoxTest.cpp">
      <Filter>Tests\Extension</Filter>
    </ClCompile>
    <ClCompile Include="RepeatedTestTest.cpp">
      <Filter>Tests\Extension</Filter>
    </ClCompile>
    <ClCompile Include="TestDecoratorTest.cpp">
      <Filter>Tests\Extension</Filter>
    </ClCompile>
    <ClCompile Include="TestSetUpTest.cpp">
      <Filter>Tests\Extension</Filter>
    </ClCompile>
    <ClCompile Include="TestResultCollectorTest.cpp">
      <Filter>Tests\Output</Filter>
    </ClCompile>
    <ClCompile Include="XmlOutputterTest.cpp">
      <Filter>Tests\Output</Filter>
    </ClCompile>
    <ClCompile Include="StringToolsTest.cpp">
      <Filter>Tests\Tools</Filter>
    </ClCompile>
    <ClCompile Include="XmlElementTest.cpp">
      <Filter>Tests\Tools</Filter>
    </ClCompile>
    <ClCompile Include="BaseTestCase.cpp">
      <Filter>TestSupport</Filter>
    </ClCompile>
    <ClCompile Include="MockTestCase.cpp">
      <Filter>TestSupport</Filter>
    </ClCompile>
    <ClCompile Include="MockTestListener.cpp">
      <Filter>TestSupport</Filter>
    </ClCompile>
    <ClCompile Include="SubclassedTestCase.cpp">
      <Filter>TestSupport</Filter>
    </ClCompile>
    <ClCompile Include="TrackedTestCase.cpp">
      <Filter>TestSupport</Filter>
    </ClCompile>
    <ClCompile Include="CppUnitTestSuite.cpp">
      <Filter>Suites</Filter>
    </ClCompile>
    <ClCompile Include="CppUnitTestMain.cpp" />
  </ItemGroup>
  <ItemGroup>
    <ClInclude Include="assertion_traitsTest.h">
      <Filter>Tests\Core</Filter>
    </ClInclude>
    <ClInclude Include="ExceptionTest.h">
      <Filter>Tests\Core</Filter>
    </ClInclude>
    <ClInclude Include="MessageTest.h">
      <Filter>Tests\Core</Filter>
    </ClInclude>
    <ClInclude Include="TestAssertTest.h">
      <Filter>Tests\Core</Filter>
    </ClInclude>
    <ClInclude Include="TestCallerTest.h">
      <Filter>Tests\Core</Filter>
    </ClInclude>
    <ClInclude Include="TestCaseTest.h">
      <Filter>Tests\Core</Filter>
    </ClInclude>
    <ClInclude Include="TestFailureTest.h">
      <Filter>Tests\Core</Filter>
    </ClInclude>
    <ClInclude Include="TestPathTest.h">
      <Filter>Tests\Core</Filter>
    </ClInclude>
    <ClInclude Include="TestResultTest.h">
      <Filter>Tests\Core</Filter>
    </ClInclude>
    <ClInclude Include="TestSuiteTest.h">
      <Filter>Tests\Core</Filter>
    </ClInclude>
    <ClInclude Include="TestTest.h">
      <Filter>Tests\Core</Filter>
    </ClInclude>
    <ClInclude Include="XmlUniformiser.h">
      <Filter>Tests\UnitTestTools</Filter>
    </ClInclude>
    <ClInclude Include="XmlUniformiserTest.h">
      <Filter>Tests\UnitTestTools</Filter>
    </ClInclude>
    <ClInclude Include="HelperMacrosTest.h">
      <Filter>Tests\Helper</Filter>
    </ClInclude>
    <ClInclude Include="ExceptionTestCaseDecoratorTest.h">
      <Filter>Tests\Extension</Filter>
    </ClInclude>
    <ClInclude Include="OrthodoxTest.h">
      <Filter>Tests\Extension</Filter>
    </ClInclude>
    <ClInclude Include="RepeatedTestTest.h">
      <Filter>Tests\Extension</Filter>
    </ClInclude>
    <ClInclude Include="TestDecoratorTest.h">
      <Filter>Tests\Extension</Filter>
    </ClInclude>
    <ClInclude Include="TestSetUpTest.h">
      <Filter>Tests\Extension</Filter>
    </ClInclude>
    <ClInclude Include="TestResultCollectorTest.h">
      <Filter>Tests\Output</Filter>
    </ClInclude>
    <ClInclude Include="XmlOutputterTest.h">
      <Filter>Tests\Output</Filter>
    </ClInclude>
    <ClInclude Include="StringToolsTest.h">
      <Filter>Tests\Tools</Filter>
    </ClInclude>
    <ClInclude Include="XmlElementTest.h">
      <Filter>Tests\Tools</Filter>
    </ClInclude>
    <ClInclude Include="BaseTestCase.h">
      <Filter>TestSupport</Filter>
    </ClInclude>
    <ClInclude Include="FailureException.h">
      <Filter>TestSupport</Filter>
    </ClInclude>
    <ClInclude Include="MockFunctor.h">
      <Filter>TestSupport</Filter>
    </ClInclude>
    <ClInclude Include="MockProtector.h">
      <Filter>TestSupport</Filter>
    </ClInclude>
    <ClInclude Include="MockTestCase.h">
      <Filter>TestSupport</Filter>
    </ClInclude>
    <ClInclude Include="MockTestListener.h">
      <Filter>TestSupport</Filter>
    </ClInclude>
    <ClInclude Include="SubclassedTestCase.h">
      <Filter>TestSupport</Filter>
    </ClInclude>
    <ClInclude Include="SynchronizedTestResult.h">
      <Filter>TestSupport</Filter>
    </ClInclude>
    <ClInclude Include="TrackedTestCase.h">
      <Filter>TestSupport</Filter>
    </ClInclude>
    <ClInclude Include="CoreSuite.h">
      <Filter>Suites</Filter>
    </ClInclude>
    <ClInclude Include="ExtensionSuite.h">
      <Filter>Suites</Filter>
    </ClInclude>
    <ClInclude Include="HelperSuite.h">
      <Filter>Suites</Filter>
    </ClInclude>
    <ClInclude Include="OutputSuite.h">
      <Filter>Suites</Filter>
    </ClInclude>
    <ClInclude Include="ToolsSuite.h">
      <Filter>Suites</Filter>
    </ClInclude>
    <ClInclude Include="UnitTestToolSuite.h">
      <Filter>Suites</Filter>
    </ClInclude>
  </ItemGroup>
  <ItemGroup>
    <CustomBuild Include="..\..\lib\cppunit_dll.dll" />
    <CustomBuild Include="..\..\lib\cppunitd_dll.dll" />
    <CustomBuild Include="Makefile.am" />
  </ItemGroup>
</Project>